
Microsoft Visual Studio Solution File, Format Version 12.00
# Visual Studio 15
VisualStudioVersion = 15.0.26124.0
MinimumVisualStudioVersion = 15.0.26124.0
Project("{FAE04EC0-301F-11D3-BF4B-00C04F79EFBC}") = "NewFAHP.Tests", "tests\NewFAHP.Tests.csproj", "{72F33239-9A6A-46DB-BC6B-1B297AA84FD9}"
EndProject
Project("{FAE04EC0-301F-11D3-BF4B-00C04F79EFBC}") = "NewFAHP.Lib", "lib\NewFAHP.Lib.csproj", "{703402F6-FA66-47E5-A1EB-4423EC8A1C89}"
EndProject
Project("{FAE04EC0-301F-11D3-BF4B-00C04F79EFBC}") = "NewFAHP.App", "src\NewFAHP.App.csproj", "{6EF8DDE1-E0A7-40E6-BE8C-F46BFDEF4B6B}"
EndProject
Global
	GlobalSection(SolutionConfigurationPlatforms) = preSolution
		Debug|Any CPU = Debug|Any CPU
		Debug|x64 = Debug|x64
		Debug|x86 = Debug|x86
		Release|Any CPU = Release|Any CPU
		Release|x64 = Release|x64
		Release|x86 = Release|x86
	EndGlobalSection
	GlobalSection(SolutionProperties) = preSolution
		HideSolutionNode = FALSE
	EndGlobalSection
	GlobalSection(ProjectConfigurationPlatforms) = postSolution
		{72F33239-9A6A-46DB-BC6B-1B297AA84FD9}.Debug|Any CPU.ActiveCfg = Debug|Any CPU
		{72F33239-9A6A-46DB-BC6B-1B297AA84FD9}.Debug|Any CPU.Build.0 = Debug|Any CPU
		{72F33239-9A6A-46DB-BC6B-1B297AA84FD9}.Debug|x64.ActiveCfg = Debug|Any CPU
		{72F33239-9A6A-46DB-BC6B-1B297AA84FD9}.Debug|x64.Build.0 = Debug|Any CPU
		{72F33239-9A6A-46DB-BC6B-1B297AA84FD9}.Debug|x86.ActiveCfg = Debug|Any CPU
		{72F33239-9A6A-46DB-BC6B-1B297AA84FD9}.Debug|x86.Build.0 = Debug|Any CPU
		{72F33239-9A6A-46DB-BC6B-1B297AA84FD9}.Release|Any CPU.ActiveCfg = Release|Any CPU
		{72F33239-9A6A-46DB-BC6B-1B297AA84FD9}.Release|Any CPU.Build.0 = Release|Any CPU
		{72F33239-9A6A-46DB-BC6B-1B297AA84FD9}.Release|x64.ActiveCfg = Release|Any CPU
		{72F33239-9A6A-46DB-BC6B-1B297AA84FD9}.Release|x64.Build.0 = Release|Any CPU
		{72F33239-9A6A-46DB-BC6B-1B297AA84FD9}.Release|x86.ActiveCfg = Release|Any CPU
		{72F33239-9A6A-46DB-BC6B-1B297AA84FD9}.Release|x86.Build.0 = Release|Any CPU
		{703402F6-FA66-47E5-A1EB-4423EC8A1C89}.Debug|Any CPU.ActiveCfg = Debug|Any CPU
		{703402F6-FA66-47E5-A1EB-4423EC8A1C89}.Debug|Any CPU.Build.0 = Debug|Any CPU
		{703402F6-FA66-47E5-A1EB-4423EC8A1C89}.Debug|x64.ActiveCfg = Debug|Any CPU
		{703402F6-FA66-47E5-A1EB-4423EC8A1C89}.Debug|x64.Build.0 = Debug|Any CPU
		{703402F6-FA66-47E5-A1EB-4423EC8A1C89}.Debug|x86.ActiveCfg = Debug|Any CPU
		{703402F6-FA66-47E5-A1EB-4423EC8A1C89}.Debug|x86.Build.0 = Debug|Any CPU
		{703402F6-FA66-47E5-A1EB-4423EC8A1C89}.Release|Any CPU.ActiveCfg = Release|Any CPU
		{703402F6-FA66-47E5-A1EB-4423EC8A1C89}.Release|Any CPU.Build.0 = Release|Any CPU
		{703402F6-FA66-47E5-A1EB-4423EC8A1C89}.Release|x64.ActiveCfg = Release|Any CPU
		{703402F6-FA66-47E5-A1EB-4423EC8A1C89}.Release|x64.Build.0 = Release|Any CPU
		{703402F6-FA66-47E5-A1EB-4423EC8A1C89}.Release|x86.ActiveCfg = Release|Any CPU
		{703402F6-FA66-47E5-A1EB-4423EC8A1C89}.Release|x86.Build.0 = Release|Any CPU
		{6EF8DDE1-E0A7-40E6-BE8C-F46BFDEF4B6B}.Debug|Any CPU.ActiveCfg = Debug|Any CPU
		{6EF8DDE1-E0A7-40E6-BE8C-F46BFDEF4B6B}.Debug|Any CPU.Build.0 = Debug|Any CPU
		{6EF8DDE1-E0A7-40E6-BE8C-F46BFDEF4B6B}.Debug|x64.ActiveCfg = Debug|Any CPU
		{6EF8DDE1-E0A7-40E6-BE8C-F46BFDEF4B6B}.Debug|x64.Build.0 = Debug|Any CPU
		{6EF8DDE1-E0A7-40E6-BE8C-F46BFDEF4B6B}.Debug|x86.ActiveCfg = Debug|Any CPU
		{6EF8DDE1-E0A7-40E6-BE8C-F46BFDEF4B6B}.Debug|x86.Build.0 = Debug|Any CPU
		{6EF8DDE1-E0A7-40E6-BE8C-F46BFDEF4B6B}.Release|Any CPU.ActiveCfg = Release|Any CPU
		{6EF8DDE1-E0A7-40E6-BE8C-F46BFDEF4B6B}.Release|Any CPU.Build.0 = Release|Any CPU
		{6EF8DDE1-E0A7-40E6-BE8C-F46BFDEF4B6B}.Release|x64.ActiveCfg = Release|Any CPU
		{6EF8DDE1-E0A7-40E6-BE8C-F46BFDEF4B6B}.Release|x64.Build.0 = Release|Any CPU
		{6EF8DDE1-E0A7-40E6-BE8C-F46BFDEF4B6B}.Release|x86.ActiveCfg = Release|Any CPU
		{6EF8DDE1-E0A7-40E6-BE8C-F46BFDEF4B6B}.Release|x86.Build.0 = Release|Any CPU
	EndGlobalSection
EndGlobal
